
Microsoft Visual Studio Solution File, Format Version 12.00
# Visual Studio Version 17
VisualStudioVersion = 17.10.34928.147
MinimumVisualStudioVersion = 10.0.40219.1
Project("{9A19103F-16F7-4668-BE54-9A1E7A4F7556}") = "Viewer", ".\Viewer\Viewer.csproj", "{2ADD334B-FC91-4CDA-AC27-87A3A15A3C49}"
EndProject
Project("{FAE04EC0-301F-11D3-BF4B-00C04F79EFBC}") = "Testing", ".\Testing\Testing.csproj", "{59BB3973-5B4D-44D7-999D-E5CFAA8FBD39}"
EndProject
Global
	GlobalSection(SolutionConfigurationPlatforms) = preSolution
		Debug|Any CPU = Debug|Any CPU
		Release|Any CPU = Release|Any CPU
	EndGlobalSection
	GlobalSection(ProjectConfigurationPlatforms) = postSolution
		{2ADD334B-FC91-4CDA-AC27-87A3A15A3C49}.Debug|Any CPU.ActiveCfg = Debug|Any CPU
		{2ADD334B-FC91-4CDA-AC27-87A3A15A3C49}.Debug|Any CPU.Build.0 = Debug|Any CPU
		{2ADD334B-FC91-4CDA-AC27-87A3A15A3C49}.Release|Any CPU.ActiveCfg = Release|Any CPU
		{2ADD334B-FC91-4CDA-AC27-87A3A15A3C49}.Release|Any CPU.Build.0 = Release|Any CPU
		{59BB3973-5B4D-44D7-999D-E5CFAA8FBD39}.Debug|Any CPU.ActiveCfg = Debug|Any CPU
		{59BB3973-5B4D-44D7-999D-E5CFAA8FBD39}.Debug|Any CPU.Build.0 = Debug|Any CPU
		{59BB3973-5B4D-44D7-999D-E5CFAA8FBD39}.Release|Any CPU.ActiveCfg = Release|Any CPU
		{59BB3973-5B4D-44D7-999D-E5CFAA8FBD39}.Release|Any CPU.Build.0 = Release|Any CPU
	EndGlobalSection
	GlobalSection(SolutionProperties) = preSolution
		HideSolutionNode = FALSE
	EndGlobalSection
	GlobalSection(ExtensibilityGlobals) = postSolution
		SolutionGuid = {0A1CD80C-8B02-4843-84F0-FFD9D3EF5D6F}
	EndGlobalSection
EndGlobal
